
Microsoft Visual Studio Solution File, Format Version 12.00
# Visual Studio Version 17
VisualStudioVersion = 17.3.32922.545
MinimumVisualStudioVersion = 10.0.40219.1
Project("{8BC9CEB8-8B4A-11D0-8D11-00A0C91BC942}") = "空项目     第一次", "空项目     第一次\空项目     第一次.vcxproj", "{ABD19283-4D4E-4B39-889E-076930AA7571}"
EndProject
Global
	GlobalSection(SolutionConfigurationPlatforms) = preSolution
		Debug|x64 = Debug|x64
		Debug|x86 = Debug|x86
		Release|x64 = Release|x64
		Release|x86 = Release|x86
	EndGlobalSection
	GlobalSection(ProjectConfigurationPlatforms) = postSolution
		{ABD19283-4D4E-4B39-889E-076930AA7571}.Debug|x64.ActiveCfg = Debug|x64
		{ABD19283-4D4E-4B39-889E-076930AA7571}.Debug|x64.Build.0 = Debug|x64
		{ABD19283-4D4E-4B39-889E-076930AA7571}.Debug|x86.ActiveCfg = Debug|Win32
		{ABD19283-4D4E-4B39-889E-076930AA7571}.Debug|x86.Build.0 = Debug|Win32
		{ABD19283-4D4E-4B39-889E-076930AA7571}.Release|x64.ActiveCfg = Release|x64
		{ABD19283-4D4E-4B39-889E-076930AA7571}.Release|x64.Build.0 = Release|x64
		{ABD19283-4D4E-4B39-889E-076930AA7571}.Release|x86.ActiveCfg = Release|Win32
		{ABD19283-4D4E-4B39-889E-076930AA7571}.Release|x86.Build.0 = Release|Win32
	EndGlobalSection
	GlobalSection(SolutionProperties) = preSolution
		HideSolutionNode = FALSE
	EndGlobalSection
	GlobalSection(ExtensibilityGlobals) = postSolution
		SolutionGuid = {014709C2-2ED9-42B2-AA23-812ECA361E4F}
	EndGlobalSection
EndGlobal
