
Microsoft Visual Studio Solution File, Format Version 12.00
# Visual Studio Version 17
VisualStudioVersion = 17.4.33103.184
MinimumVisualStudioVersion = 10.0.40219.1
Project("{8BC9CEB8-8B4A-11D0-8D11-00A0C91BC942}") = "图形化终极(基本贴图、切割贴图、透明贴图)", "图形化终极(基本贴图、切割贴图、透明贴图).vcxproj", "{9FAD51F9-CBDA-46F9-9108-E7508679D10E}"
EndProject
Global
	GlobalSection(SolutionConfigurationPlatforms) = preSolution
		Debug|x64 = Debug|x64
		Debug|x86 = Debug|x86
		Release|x64 = Release|x64
		Release|x86 = Release|x86
	EndGlobalSection
	GlobalSection(ProjectConfigurationPlatforms) = postSolution
		{9FAD51F9-CBDA-46F9-9108-E7508679D10E}.Debug|x64.ActiveCfg = Debug|x64
		{9FAD51F9-CBDA-46F9-9108-E7508679D10E}.Debug|x64.Build.0 = Debug|x64
		{9FAD51F9-CBDA-46F9-9108-E7508679D10E}.Debug|x86.ActiveCfg = Debug|Win32
		{9FAD51F9-CBDA-46F9-9108-E7508679D10E}.Debug|x86.Build.0 = Debug|Win32
		{9FAD51F9-CBDA-46F9-9108-E7508679D10E}.Release|x64.ActiveCfg = Release|x64
		{9FAD51F9-CBDA-46F9-9108-E7508679D10E}.Release|x64.Build.0 = Release|x64
		{9FAD51F9-CBDA-46F9-9108-E7508679D10E}.Release|x86.ActiveCfg = Release|Win32
		{9FAD51F9-CBDA-46F9-9108-E7508679D10E}.Release|x86.Build.0 = Release|Win32
	EndGlobalSection
	GlobalSection(SolutionProperties) = preSolution
		HideSolutionNode = FALSE
	EndGlobalSection
	GlobalSection(ExtensibilityGlobals) = postSolution
		SolutionGuid = {ECB0D033-CF5E-44CA-A831-638C66D1D4FE}
	EndGlobalSection
EndGlobal
