
Microsoft Visual Studio Solution File, Format Version 12.00
# Visual Studio Version 17
VisualStudioVersion = 17.5.33530.505
MinimumVisualStudioVersion = 10.0.40219.1
Project("{888888A0-9F3D-457C-B088-3A5042F75D52}") = "早期笔记文件", "早期笔记文件.pyproj", "{32D36F60-7810-4A3C-9E87-BD0C87EE3DD5}"
EndProject
Global
	GlobalSection(SolutionConfigurationPlatforms) = preSolution
		Debug|Any CPU = Debug|Any CPU
		Release|Any CPU = Release|Any CPU
	EndGlobalSection
	GlobalSection(ProjectConfigurationPlatforms) = postSolution
		{32D36F60-7810-4A3C-9E87-BD0C87EE3DD5}.Debug|Any CPU.ActiveCfg = Debug|Any CPU
		{32D36F60-7810-4A3C-9E87-BD0C87EE3DD5}.Release|Any CPU.ActiveCfg = Release|Any CPU
	EndGlobalSection
	GlobalSection(SolutionProperties) = preSolution
		HideSolutionNode = FALSE
	EndGlobalSection
	GlobalSection(ExtensibilityGlobals) = postSolution
		SolutionGuid = {A9ACACA5-56F5-47A4-A8E4-34DB9D266CB2}
	EndGlobalSection
EndGlobal
