
Microsoft Visual Studio Solution File, Format Version 12.00
# Visual Studio Version 17
VisualStudioVersion = 17.3.32922.545
MinimumVisualStudioVersion = 10.0.40219.1
Project("{8BC9CEB8-8B4A-11D0-8D11-00A0C91BC942}") = "学习四", "学习四\学习四.vcxproj", "{8BCA2422-302D-4DB9-B975-CFB36D78D132}"
EndProject
Global
	GlobalSection(SolutionConfigurationPlatforms) = preSolution
		Debug|x64 = Debug|x64
		Debug|x86 = Debug|x86
		Release|x64 = Release|x64
		Release|x86 = Release|x86
	EndGlobalSection
	GlobalSection(ProjectConfigurationPlatforms) = postSolution
		{8BCA2422-302D-4DB9-B975-CFB36D78D132}.Debug|x64.ActiveCfg = Debug|x64
		{8BCA2422-302D-4DB9-B975-CFB36D78D132}.Debug|x64.Build.0 = Debug|x64
		{8BCA2422-302D-4DB9-B975-CFB36D78D132}.Debug|x86.ActiveCfg = Debug|Win32
		{8BCA2422-302D-4DB9-B975-CFB36D78D132}.Debug|x86.Build.0 = Debug|Win32
		{8BCA2422-302D-4DB9-B975-CFB36D78D132}.Release|x64.ActiveCfg = Release|x64
		{8BCA2422-302D-4DB9-B975-CFB36D78D132}.Release|x64.Build.0 = Release|x64
		{8BCA2422-302D-4DB9-B975-CFB36D78D132}.Release|x86.ActiveCfg = Release|Win32
		{8BCA2422-302D-4DB9-B975-CFB36D78D132}.Release|x86.Build.0 = Release|Win32
	EndGlobalSection
	GlobalSection(SolutionProperties) = preSolution
		HideSolutionNode = FALSE
	EndGlobalSection
	GlobalSection(ExtensibilityGlobals) = postSolution
		SolutionGuid = {DF4FC189-25A0-4073-9D51-A6BA15F0C1A8}
	EndGlobalSection
EndGlobal
